
Microsoft Visual Studio Solution File, Format Version 12.00
# Visual Studio 15
VisualStudioVersion = 15.0.28307.329
MinimumVisualStudioVersion = 10.0.40219.1
Project("{8BC9CEB8-8B4A-11D0-8D11-00A0C91BC942}") = "DreamWatch", "DreamWatch\DreamWatch.vcxproj", "{92BD449C-41F0-48B0-BA7F-567C1D5DF34A}"
EndProject
Global
	GlobalSection(SolutionConfigurationPlatforms) = preSolution
		Debug|x64 = Debug|x64
		Debug|x86 = Debug|x86
		Release|x64 = Release|x64
		Release|x86 = Release|x86
	EndGlobalSection
	GlobalSection(ProjectConfigurationPlatforms) = postSolution
		{92BD449C-41F0-48B0-BA7F-567C1D5DF34A}.Debug|x64.ActiveCfg = Debug|x64
		{92BD449C-41F0-48B0-BA7F-567C1D5DF34A}.Debug|x64.Build.0 = Debug|x64
		{92BD449C-41F0-48B0-BA7F-567C1D5DF34A}.Debug|x86.ActiveCfg = Debug|Win32
		{92BD449C-41F0-48B0-BA7F-567C1D5DF34A}.Debug|x86.Build.0 = Debug|Win32
		{92BD449C-41F0-48B0-BA7F-567C1D5DF34A}.Release|x64.ActiveCfg = Release|x64
		{92BD449C-41F0-48B0-BA7F-567C1D5DF34A}.Release|x64.Build.0 = Release|x64
		{92BD449C-41F0-48B0-BA7F-567C1D5DF34A}.Release|x86.ActiveCfg = Release|Win32
		{92BD449C-41F0-48B0-BA7F-567C1D5DF34A}.Release|x86.Build.0 = Release|Win32
	EndGlobalSection
	GlobalSection(SolutionProperties) = preSolution
		HideSolutionNode = FALSE
	EndGlobalSection
	GlobalSection(ExtensibilityGlobals) = postSolution
		SolutionGuid = {A1410779-D337-444A-8375-422A9929D921}
	EndGlobalSection
EndGlobal
